Microsoft Visual Studio Solution File, Format Version 12.00
# Visual Studio Version 17
VisualStudioVersion = 17.8.0.0
MinimumVisualStudioVersion = 17.8.0.0
Project("{9A19103F-16F7-4668-BE54-9A1E7A4F7556}") = "otel.AppHost", "otel.AppHost\otel.AppHost.csproj", "{CBB7F36A-A2B8-4D18-82A5-732863AF4F0D}"
EndProject
Project("{9A19103F-16F7-4668-BE54-9A1E7A4F7556}") = "otel.ServiceDefaults", "otel.ServiceDefaults\otel.ServiceDefaults.csproj", "{D908B921-A610-46A0-98D1-0DA71736E796}"
EndProject
Project("{FAE04EC0-301F-11D3-BF4B-00C04F79EFBC}") = "otel.Basket.API", "otel.Basket.API\otel.Basket.API.csproj", "{85D77AEB-8F17-4435-BDFE-0FF13916AE05}"
EndProject
Project("{FAE04EC0-301F-11D3-BF4B-00C04F79EFBC}") = "otel.Catalog.API", "otel.Catalog.API\otel.Catalog.API.csproj", "{45AF1BD8-91E6-4E13-AD37-C268C1E9C569}"
EndProject
Project("{FAE04EC0-301F-11D3-BF4B-00C04F79EFBC}") = "otel.Models", "otel.Models\otel.Models.csproj", "{FAB48021-3226-4393-97BC-4CF05DCD2EEC}"
EndProject
Project("{FAE04EC0-301F-11D3-BF4B-00C04F79EFBC}") = "otel.QueueCommon", "otel.QueueCommon\otel.QueueCommon.csproj", "{7DF9F346-568F-4516-9223-F02B1C578686}"
EndProject
Project("{FAE04EC0-301F-11D3-BF4B-00C04F79EFBC}") = "otel.ServiceWorker", "otel.ServiceWorker\otel.ServiceWorker.csproj", "{869E4C71-92A3-4999-9A75-E0B5992F50EB}"
EndProject
Global
	GlobalSection(SolutionConfigurationPlatforms) = preSolution
		Debug|Any CPU = Debug|Any CPU
		Release|Any CPU = Release|Any CPU
	EndGlobalSection
	GlobalSection(ProjectConfigurationPlatforms) = postSolution
		{CBB7F36A-A2B8-4D18-82A5-732863AF4F0D}.Debug|Any CPU.ActiveCfg = Debug|Any CPU
		{CBB7F36A-A2B8-4D18-82A5-732863AF4F0D}.Debug|Any CPU.Build.0 = Debug|Any CPU
		{CBB7F36A-A2B8-4D18-82A5-732863AF4F0D}.Release|Any CPU.ActiveCfg = Release|Any CPU
		{CBB7F36A-A2B8-4D18-82A5-732863AF4F0D}.Release|Any CPU.Build.0 = Release|Any CPU
		{D908B921-A610-46A0-98D1-0DA71736E796}.Debug|Any CPU.ActiveCfg = Debug|Any CPU
		{D908B921-A610-46A0-98D1-0DA71736E796}.Debug|Any CPU.Build.0 = Debug|Any CPU
		{D908B921-A610-46A0-98D1-0DA71736E796}.Release|Any CPU.ActiveCfg = Release|Any CPU
		{D908B921-A610-46A0-98D1-0DA71736E796}.Release|Any CPU.Build.0 = Release|Any CPU
		{85D77AEB-8F17-4435-BDFE-0FF13916AE05}.Debug|Any CPU.ActiveCfg = Debug|Any CPU
		{85D77AEB-8F17-4435-BDFE-0FF13916AE05}.Debug|Any CPU.Build.0 = Debug|Any CPU
		{85D77AEB-8F17-4435-BDFE-0FF13916AE05}.Release|Any CPU.ActiveCfg = Release|Any CPU
		{85D77AEB-8F17-4435-BDFE-0FF13916AE05}.Release|Any CPU.Build.0 = Release|Any CPU
		{45AF1BD8-91E6-4E13-AD37-C268C1E9C569}.Debug|Any CPU.ActiveCfg = Debug|Any CPU
		{45AF1BD8-91E6-4E13-AD37-C268C1E9C569}.Debug|Any CPU.Build.0 = Debug|Any CPU
		{45AF1BD8-91E6-4E13-AD37-C268C1E9C569}.Release|Any CPU.ActiveCfg = Release|Any CPU
		{45AF1BD8-91E6-4E13-AD37-C268C1E9C569}.Release|Any CPU.Build.0 = Release|Any CPU
		{FAB48021-3226-4393-97BC-4CF05DCD2EEC}.Debug|Any CPU.ActiveCfg = Debug|Any CPU
		{FAB48021-3226-4393-97BC-4CF05DCD2EEC}.Debug|Any CPU.Build.0 = Debug|Any CPU
		{FAB48021-3226-4393-97BC-4CF05DCD2EEC}.Release|Any CPU.ActiveCfg = Release|Any CPU
		{FAB48021-3226-4393-97BC-4CF05DCD2EEC}.Release|Any CPU.Build.0 = Release|Any CPU
		{7DF9F346-568F-4516-9223-F02B1C578686}.Debug|Any CPU.ActiveCfg = Debug|Any CPU
		{7DF9F346-568F-4516-9223-F02B1C578686}.Debug|Any CPU.Build.0 = Debug|Any CPU
		{7DF9F346-568F-4516-9223-F02B1C578686}.Release|Any CPU.ActiveCfg = Release|Any CPU
		{7DF9F346-568F-4516-9223-F02B1C578686}.Release|Any CPU.Build.0 = Release|Any CPU
		{869E4C71-92A3-4999-9A75-E0B5992F50EB}.Debug|Any CPU.ActiveCfg = Debug|Any CPU
		{869E4C71-92A3-4999-9A75-E0B5992F50EB}.Debug|Any CPU.Build.0 = Debug|Any CPU
		{869E4C71-92A3-4999-9A75-E0B5992F50EB}.Release|Any CPU.ActiveCfg = Release|Any CPU
		{869E4C71-92A3-4999-9A75-E0B5992F50EB}.Release|Any CPU.Build.0 = Release|Any CPU
	EndGlobalSection
	GlobalSection(SolutionProperties) = preSolution
		HideSolutionNode = FALSE
	EndGlobalSection
	GlobalSection(ExtensibilityGlobals) = postSolution
		SolutionGuid = {EC6AEFB3-A02F-4C80-9CB0-1442CF562761}
	EndGlobalSection
EndGlobal
